
Microsoft Visual Studio Solution File, Format Version 12.00
# Visual Studio Version 17
VisualStudioVersion = 17.9.34728.123
MinimumVisualStudioVersion = 10.0.40219.1
Project("{9A19103F-16F7-4668-BE54-9A1E7A4F7556}") = "DotNetCraft.Common.Databases.Abstractions", "src\DotNetCraft.Common.Databases.Abstractions\DotNetCraft.Common.Databases.Abstractions.csproj", "{E2E4C975-B7FF-4586-974A-05593FB1110A}"
EndProject
Project("{9A19103F-16F7-4668-BE54-9A1E7A4F7556}") = "DotNetCraft.Common.Databases.MsSql", "src\DotNetCraft.Common.Databases.MsSql\DotNetCraft.Common.Databases.MsSql.csproj", "{07415B84-7F98-4E34-83EA-3936965EF0DC}"
EndProject
Project("{9A19103F-16F7-4668-BE54-9A1E7A4F7556}") = "DotNetCraft.Common.Databases.Mongo", "src\DotNetCraft.Common.Databases.Mongo\DotNetCraft.Common.Databases.Mongo.csproj", "{748A6741-CD3E-43CD-9EAA-62E207900509}"
EndProject
Project("{2150E333-8FDC-42A3-9474-1A3956D46DE8}") = "Abstractions", "Abstractions", "{B8530C04-D8B4-4151-BB92-78BE32250511}"
EndProject
Project("{2150E333-8FDC-42A3-9474-1A3956D46DE8}") = "Mongo", "Mongo", "{332CF81B-A595-4093-8C6D-B0A1125C901A}"
EndProject
Project("{2150E333-8FDC-42A3-9474-1A3956D46DE8}") = "MsSql", "MsSql", "{7DB77D16-21B8-4EDB-9032-1D0E3D4D5672}"
EndProject
Project("{2150E333-8FDC-42A3-9474-1A3956D46DE8}") = "src", "src", "{E029E24C-C3CC-46E3-8E32-7787747EE4BE}"
EndProject
Project("{2150E333-8FDC-42A3-9474-1A3956D46DE8}") = "tests", "tests", "{6C266105-6D80-45F2-811D-6AB6161E98C9}"
EndProject
Project("{2150E333-8FDC-42A3-9474-1A3956D46DE8}") = "src", "src", "{1EDAB706-043E-4E37-85CE-66B8670C47FC}"
EndProject
Project("{2150E333-8FDC-42A3-9474-1A3956D46DE8}") = "tests", "tests", "{4300A7EC-BF37-4086-8040-C1B4E29EB6AD}"
EndProject
Project("{2150E333-8FDC-42A3-9474-1A3956D46DE8}") = "src", "src", "{779400AA-EA2D-4004-A5D6-07727B7ED54E}"
EndProject
Project("{2150E333-8FDC-42A3-9474-1A3956D46DE8}") = "tests", "tests", "{A3F0961C-DDBD-49AF-B3C5-F40A3872872D}"
EndProject
Project("{9A19103F-16F7-4668-BE54-9A1E7A4F7556}") = "DotNetCraft.Common.Databases.Abstractions.Tests", "tests\DotNetCraft.Common.Databases.Abstractions.Tests\DotNetCraft.Common.Databases.Abstractions.Tests.csproj", "{4DBE318C-1AF1-40B1-8F0C-DDD83F6982C9}"
EndProject
Project("{FAE04EC0-301F-11D3-BF4B-00C04F79EFBC}") = "DotNetCraft.Common.Databases.Mongo.Tests", "tests\DotNetCraft.Common.Databases.Mongo.Tests\DotNetCraft.Common.Databases.Mongo.Tests.csproj", "{B1068D5E-9D05-4F86-8D16-C02E9AD50AD9}"
EndProject
Global
	GlobalSection(SolutionConfigurationPlatforms) = preSolution
		Debug|Any CPU = Debug|Any CPU
		Release|Any CPU = Release|Any CPU
	EndGlobalSection
	GlobalSection(ProjectConfigurationPlatforms) = postSolution
		{E2E4C975-B7FF-4586-974A-05593FB1110A}.Debug|Any CPU.ActiveCfg = Debug|Any CPU
		{E2E4C975-B7FF-4586-974A-05593FB1110A}.Debug|Any CPU.Build.0 = Debug|Any CPU
		{E2E4C975-B7FF-4586-974A-05593FB1110A}.Release|Any CPU.ActiveCfg = Release|Any CPU
		{E2E4C975-B7FF-4586-974A-05593FB1110A}.Release|Any CPU.Build.0 = Release|Any CPU
		{07415B84-7F98-4E34-83EA-3936965EF0DC}.Debug|Any CPU.ActiveCfg = Debug|Any CPU
		{07415B84-7F98-4E34-83EA-3936965EF0DC}.Debug|Any CPU.Build.0 = Debug|Any CPU
		{07415B84-7F98-4E34-83EA-3936965EF0DC}.Release|Any CPU.ActiveCfg = Release|Any CPU
		{07415B84-7F98-4E34-83EA-3936965EF0DC}.Release|Any CPU.Build.0 = Release|Any CPU
		{748A6741-CD3E-43CD-9EAA-62E207900509}.Debug|Any CPU.ActiveCfg = Debug|Any CPU
		{748A6741-CD3E-43CD-9EAA-62E207900509}.Debug|Any CPU.Build.0 = Debug|Any CPU
		{748A6741-CD3E-43CD-9EAA-62E207900509}.Release|Any CPU.ActiveCfg = Release|Any CPU
		{748A6741-CD3E-43CD-9EAA-62E207900509}.Release|Any CPU.Build.0 = Release|Any CPU
		{4DBE318C-1AF1-40B1-8F0C-DDD83F6982C9}.Debug|Any CPU.ActiveCfg = Debug|Any CPU
		{4DBE318C-1AF1-40B1-8F0C-DDD83F6982C9}.Debug|Any CPU.Build.0 = Debug|Any CPU
		{4DBE318C-1AF1-40B1-8F0C-DDD83F6982C9}.Release|Any CPU.ActiveCfg = Release|Any CPU
		{4DBE318C-1AF1-40B1-8F0C-DDD83F6982C9}.Release|Any CPU.Build.0 = Release|Any CPU
		{B1068D5E-9D05-4F86-8D16-C02E9AD50AD9}.Debug|Any CPU.ActiveCfg = Debug|Any CPU
		{B1068D5E-9D05-4F86-8D16-C02E9AD50AD9}.Debug|Any CPU.Build.0 = Debug|Any CPU
		{B1068D5E-9D05-4F86-8D16-C02E9AD50AD9}.Release|Any CPU.ActiveCfg = Release|Any CPU
		{B1068D5E-9D05-4F86-8D16-C02E9AD50AD9}.Release|Any CPU.Build.0 = Release|Any CPU
	EndGlobalSection
	GlobalSection(SolutionProperties) = preSolution
		HideSolutionNode = FALSE
	EndGlobalSection
	GlobalSection(NestedProjects) = preSolution
		{E2E4C975-B7FF-4586-974A-05593FB1110A} = {E029E24C-C3CC-46E3-8E32-7787747EE4BE}
		{07415B84-7F98-4E34-83EA-3936965EF0DC} = {779400AA-EA2D-4004-A5D6-07727B7ED54E}
		{748A6741-CD3E-43CD-9EAA-62E207900509} = {1EDAB706-043E-4E37-85CE-66B8670C47FC}
		{E029E24C-C3CC-46E3-8E32-7787747EE4BE} = {B8530C04-D8B4-4151-BB92-78BE32250511}
		{6C266105-6D80-45F2-811D-6AB6161E98C9} = {B8530C04-D8B4-4151-BB92-78BE32250511}
		{1EDAB706-043E-4E37-85CE-66B8670C47FC} = {332CF81B-A595-4093-8C6D-B0A1125C901A}
		{4300A7EC-BF37-4086-8040-C1B4E29EB6AD} = {332CF81B-A595-4093-8C6D-B0A1125C901A}
		{779400AA-EA2D-4004-A5D6-07727B7ED54E} = {7DB77D16-21B8-4EDB-9032-1D0E3D4D5672}
		{A3F0961C-DDBD-49AF-B3C5-F40A3872872D} = {7DB77D16-21B8-4EDB-9032-1D0E3D4D5672}
		{4DBE318C-1AF1-40B1-8F0C-DDD83F6982C9} = {6C266105-6D80-45F2-811D-6AB6161E98C9}
		{B1068D5E-9D05-4F86-8D16-C02E9AD50AD9} = {4300A7EC-BF37-4086-8040-C1B4E29EB6AD}
	EndGlobalSection
	GlobalSection(ExtensibilityGlobals) = postSolution
		SolutionGuid = {B9330BF2-B6BB-43F1-8F3D-031FB2ADBF18}
	EndGlobalSection
EndGlobal
